
Microsoft Visual Studio Solution File, Format Version 12.00
# Visual Studio Version 17
VisualStudioVersion = 17.11.35222.181
MinimumVisualStudioVersion = 10.0.40219.1
Project("{FAE04EC0-301F-11D3-BF4B-00C04F79EFBC}") = "formulierProgramma", "formulierProgramma\formulierProgramma.csproj", "{70C2AD97-D4F8-43C9-A0B2-19FC4E2AD48C}"
EndProject
Global
	GlobalSection(SolutionConfigurationPlatforms) = preSolution
		Debug|Any CPU = Debug|Any CPU
		Release|Any CPU = Release|Any CPU
	EndGlobalSection
	GlobalSection(ProjectConfigurationPlatforms) = postSolution
		{70C2AD97-D4F8-43C9-A0B2-19FC4E2AD48C}.Debug|Any CPU.ActiveCfg = Debug|Any CPU
		{70C2AD97-D4F8-43C9-A0B2-19FC4E2AD48C}.Debug|Any CPU.Build.0 = Debug|Any CPU
		{70C2AD97-D4F8-43C9-A0B2-19FC4E2AD48C}.Release|Any CPU.ActiveCfg = Release|Any CPU
		{70C2AD97-D4F8-43C9-A0B2-19FC4E2AD48C}.Release|Any CPU.Build.0 = Release|Any CPU
	EndGlobalSection
	GlobalSection(SolutionProperties) = preSolution
		HideSolutionNode = FALSE
	EndGlobalSection
	GlobalSection(ExtensibilityGlobals) = postSolution
		SolutionGuid = {1DB84550-46FE-4062-81E8-CEA33D052EB3}
	EndGlobalSection
EndGlobal
